// !$*UTF8*$!
{
	archiveVersion = 1;
	classes = {
	};
	objectVersion = 46;
	objects = {

/* Begin PBXBuildFile section */
		AA747D9F0F9514B9006C5449 /* MonkSVG_iOS_Prefix.pch in Headers */ = {isa = PBXBuildFile; fileRef = AA747D9E0F9514B9006C5449 /* MonkSVG_iOS_Prefix.pch */; };
		AACBBE4A0F95108600F1A2B1 /* Foundation.framework in Frameworks */ = {isa = PBXBuildFile; fileRef = AACBBE490F95108600F1A2B1 /* Foundation.framework */; };
		FA5FD9511399F18B00863CBC /* mkTransform2d.h in Headers */ = {isa = PBXBuildFile; fileRef = FA5FD9501399F18B00863CBC /* mkTransform2d.h */; settings = {ATTRIBUTES = (Public, ); }; };
		FAC06DF6139445BD0075231C /* mkOpenVG_SVG.cpp in Sources */ = {isa = PBXBuildFile; fileRef = FAC06DF4139445BD0075231C /* mkOpenVG_SVG.cpp */; };
		FAC06DF7139445BD0075231C /* mkOpenVG_SVG.h in Headers */ = {isa = PBXBuildFile; fileRef = FAC06DF5139445BD0075231C /* mkOpenVG_SVG.h */; settings = {ATTRIBUTES = (Public, ); }; };
		FAE28419121B06F000823BCB /* tinystr.cpp in Sources */ = {isa = PBXBuildFile; fileRef = FAE28411121B06F000823BCB /* tinystr.cpp */; };
		FAE2841A121B06F000823BCB /* tinystr.h in Headers */ = {isa = PBXBuildFile; fileRef = FAE28412121B06F000823BCB /* tinystr.h */; };
		FAE2841B121B06F000823BCB /* tinyxml.cpp in Sources */ = {isa = PBXBuildFile; fileRef = FAE28413121B06F000823BCB /* tinyxml.cpp */; };
		FAE2841C121B06F000823BCB /* tinyxml.h in Headers */ = {isa = PBXBuildFile; fileRef = FAE28414121B06F000823BCB /* tinyxml.h */; };
		FAE2841D121B06F000823BCB /* tinyxmlerror.cpp in Sources */ = {isa = PBXBuildFile; fileRef = FAE28415121B06F000823BCB /* tinyxmlerror.cpp */; };
		FAE2841E121B06F000823BCB /* tinyxmlparser.cpp in Sources */ = {isa = PBXBuildFile; fileRef = FAE28416121B06F000823BCB /* tinyxmlparser.cpp */; };
		FAE2841F121B06F000823BCB /* mkSVG.h in Headers */ = {isa = PBXBuildFile; fileRef = FAE28417121B06F000823BCB /* mkSVG.h */; settings = {ATTRIBUTES = (Public, ); }; };
		FAE28420121B06F000823BCB /* mkSVG.cpp in Sources */ = {isa = PBXBuildFile; fileRef = FAE28418121B06F000823BCB /* mkSVG.cpp */; };
/* End PBXBuildFile section */

/* Begin PBXFileReference section */
		AA747D9E0F9514B9006C5449 /* MonkSVG_iOS_Prefix.pch */ = {isa = PBXFileReference; fileEncoding = 4; lastKnownFileType = sourcecode.c.h; path = MonkSVG_iOS_Prefix.pch; sourceTree = SOURCE_ROOT; };
		AACBBE490F95108600F1A2B1 /* Foundation.framework */ = {isa = PBXFileReference; lastKnownFileType = wrapper.framework; name = Foundation.framework; path = System/Library/Frameworks/Foundation.framework; sourceTree = SDKROOT; };
		D2AAC07E0554694100DB518D /* libMonkSVG_iOS.a */ = {isa = PBXFileReference; explicitFileType = archive.ar; includeInIndex = 0; path = libMonkSVG_iOS.a; sourceTree = BUILT_PRODUCTS_DIR; };
		FA5FD9501399F18B00863CBC /* mkTransform2d.h */ = {isa = PBXFileReference; fileEncoding = 4; lastKnownFileType = sourcecode.c.h; name = mkTransform2d.h; path = ../../src/mkTransform2d.h; sourceTree = "<group>"; };
		FAC06DF4139445BD0075231C /* mkOpenVG_SVG.cpp */ = {isa = PBXFileReference; fileEncoding = 4; lastKnownFileType = sourcecode.cpp.cpp; path = mkOpenVG_SVG.cpp; sourceTree = "<group>"; };
		FAC06DF5139445BD0075231C /* mkOpenVG_SVG.h */ = {isa = PBXFileReference; fileEncoding = 4; lastKnownFileType = sourcecode.c.h; path = mkOpenVG_SVG.h; sourceTree = "<group>"; };
		FAE28411121B06F000823BCB /* tinystr.cpp */ = {isa = PBXFileReference; fileEncoding = 4; lastKnownFileType = sourcecode.cpp.cpp; path = tinystr.cpp; sourceTree = "<group>"; };
		FAE28412121B06F000823BCB /* tinystr.h */ = {isa = PBXFileReference; fileEncoding = 4; lastKnownFileType = sourcecode.c.h; path = tinystr.h; sourceTree = "<group>"; };
		FAE28413121B06F000823BCB /* tinyxml.cpp */ = {isa = PBXFileReference; fileEncoding = 4; lastKnownFileType = sourcecode.cpp.cpp; path = tinyxml.cpp; sourceTree = "<group>"; };
		FAE28414121B06F000823BCB /* tinyxml.h */ = {isa = PBXFileReference; fileEncoding = 4; lastKnownFileType = sourcecode.c.h; path = tinyxml.h; sourceTree = "<group>"; };
		FAE28415121B06F000823BCB /* tinyxmlerror.cpp */ = {isa = PBXFileReference; fileEncoding = 4; lastKnownFileType = sourcecode.cpp.cpp; path = tinyxmlerror.cpp; sourceTree = "<group>"; };
		FAE28416121B06F000823BCB /* tinyxmlparser.cpp */ = {isa = PBXFileReference; fileEncoding = 4; lastKnownFileType = sourcecode.cpp.cpp; path = tinyxmlparser.cpp; sourceTree = "<group>"; };
		FAE28417121B06F000823BCB /* mkSVG.h */ = {isa = PBXFileReference; fileEncoding = 4; lastKnownFileType = sourcecode.c.h; name = mkSVG.h; path = ../../src/mkSVG.h; sourceTree = SOURCE_ROOT; };
		FAE28418121B06F000823BCB /* mkSVG.cpp */ = {isa = PBXFileReference; fileEncoding = 4; lastKnownFileType = sourcecode.cpp.cpp; name = mkSVG.cpp; path = ../../src/mkSVG.cpp; sourceTree = SOURCE_ROOT; };
/* End PBXFileReference section */

/* Begin PBXFrameworksBuildPhase section */
		D2AAC07C0554694100DB518D /* Frameworks */ = {
			isa = PBXFrameworksBuildPhase;
			buildActionMask = 2147483647;
			files = (
				AACBBE4A0F95108600F1A2B1 /* Foundation.framework in Frameworks */,
			);
			runOnlyForDeploymentPostprocessing = 0;
		};
/* End PBXFrameworksBuildPhase section */

/* Begin PBXGroup section */
		034768DFFF38A50411DB9C8B /* Products */ = {
			isa = PBXGroup;
			children = (
				D2AAC07E0554694100DB518D /* libMonkSVG_iOS.a */,
			);
			name = Products;
			sourceTree = "<group>";
		};
		0867D691FE84028FC02AAC07 /* MonkSVG-iOS */ = {
			isa = PBXGroup;
			children = (
				FAE2840F121B06F000823BCB /* Source */,
				32C88DFF0371C24200C91783 /* Other Sources */,
				0867D69AFE84028FC02AAC07 /* Frameworks */,
				034768DFFF38A50411DB9C8B /* Products */,
			);
			name = "MonkSVG-iOS";
			sourceTree = "<group>";
		};
		0867D69AFE84028FC02AAC07 /* Frameworks */ = {
			isa = PBXGroup;
			children = (
				AACBBE490F95108600F1A2B1 /* Foundation.framework */,
			);
			name = Frameworks;
			sourceTree = "<group>";
		};
		32C88DFF0371C24200C91783 /* Other Sources */ = {
			isa = PBXGroup;
			children = (
				AA747D9E0F9514B9006C5449 /* MonkSVG_iOS_Prefix.pch */,
			);
			name = "Other Sources";
			sourceTree = "<group>";
		};
		FAC06DF3139445BD0075231C /* openvg */ = {
			isa = PBXGroup;
			children = (
				FAC06DF5139445BD0075231C /* mkOpenVG_SVG.h */,
				FAC06DF4139445BD0075231C /* mkOpenVG_SVG.cpp */,
			);
			name = openvg;
			path = ../../src/openvg;
			sourceTree = "<group>";
		};
		FAE2840F121B06F000823BCB /* Source */ = {
			isa = PBXGroup;
			children = (
				FA5FD9501399F18B00863CBC /* mkTransform2d.h */,
				FAC06DF3139445BD0075231C /* openvg */,
				FAE28410121B06F000823BCB /* tinyxml */,
				FAE28417121B06F000823BCB /* mkSVG.h */,
				FAE28418121B06F000823BCB /* mkSVG.cpp */,
			);
			name = Source;
			sourceTree = "<group>";
		};
		FAE28410121B06F000823BCB /* tinyxml */ = {
			isa = PBXGroup;
			children = (
				FAE28411121B06F000823BCB /* tinystr.cpp */,
				FAE28412121B06F000823BCB /* tinystr.h */,
				FAE28413121B06F000823BCB /* tinyxml.cpp */,
				FAE28414121B06F000823BCB /* tinyxml.h */,
				FAE28415121B06F000823BCB /* tinyxmlerror.cpp */,
				FAE28416121B06F000823BCB /* tinyxmlparser.cpp */,
			);
			name = tinyxml;
			path = ../../src/tinyxml;
			sourceTree = SOURCE_ROOT;
		};
/* End PBXGroup section */

/* Begin PBXHeadersBuildPhase section */
		D2AAC07A0554694100DB518D /* Headers */ = {
			isa = PBXHeadersBuildPhase;
			buildActionMask = 2147483647;
			files = (
				FAE2841F121B06F000823BCB /* mkSVG.h in Headers */,
				FAC06DF7139445BD0075231C /* mkOpenVG_SVG.h in Headers */,
				FA5FD9511399F18B00863CBC /* mkTransform2d.h in Headers */,
				AA747D9F0F9514B9006C5449 /* MonkSVG_iOS_Prefix.pch in Headers */,
				FAE2841A121B06F000823BCB /* tinystr.h in Headers */,
				FAE2841C121B06F000823BCB /* tinyxml.h in Headers */,
			);
			runOnlyForDeploymentPostprocessing = 0;
		};
/* End PBXHeadersBuildPhase section */

/* Begin PBXNativeTarget section */
		D2AAC07D0554694100DB518D /* MonkSVG-iOS */ = {
			isa = PBXNativeTarget;
			buildConfigurationList = 1DEB921E08733DC00010E9CD /* Build configuration list for PBXNativeTarget "MonkSVG-iOS" */;
			buildPhases = (
				D2AAC07A0554694100DB518D /* Headers */,
				D2AAC07B0554694100DB518D /* Sources */,
				D2AAC07C0554694100DB518D /* Frameworks */,
			);
			buildRules = (
			);
			dependencies = (
			);
			name = "MonkSVG-iOS";
			productName = "MonkSVG-iOS";
			productReference = D2AAC07E0554694100DB518D /* libMonkSVG_iOS.a */;
			productType = "com.apple.product-type.library.static";
		};
/* End PBXNativeTarget section */

/* Begin PBXProject section */
		0867D690FE84028FC02AAC07 /* Project object */ = {
			isa = PBXProject;
			attributes = {
				LastUpgradeCheck = 0430;
			};
			buildConfigurationList = 1DEB922208733DC00010E9CD /* Build configuration list for PBXProject "MonkSVG-iOS" */;
			compatibilityVersion = "Xcode 3.2";
			developmentRegion = English;
			hasScannedForEncodings = 1;
			knownRegions = (
				English,
				Japanese,
				French,
				German,
			);
			mainGroup = 0867D691FE84028FC02AAC07 /* MonkSVG-iOS */;
			productRefGroup = 034768DFFF38A50411DB9C8B /* Products */;
			projectDirPath = "";
			projectRoot = "";
			targets = (
				D2AAC07D0554694100DB518D /* MonkSVG-iOS */,
			);
		};
/* End PBXProject section */

/* Begin PBXSourcesBuildPhase section */
		D2AAC07B0554694100DB518D /* Sources */ = {
			isa = PBXSourcesBuildPhase;
			buildActionMask = 2147483647;
			files = (
				FAE28419121B06F000823BCB /* tinystr.cpp in Sources */,
				FAE2841B121B06F000823BCB /* tinyxml.cpp in Sources */,
				FAE2841D121B06F000823BCB /* tinyxmlerror.cpp in Sources */,
				FAE2841E121B06F000823BCB /* tinyxmlparser.cpp in Sources */,
				FAE28420121B06F000823BCB /* mkSVG.cpp in Sources */,
				FAC06DF6139445BD0075231C /* mkOpenVG_SVG.cpp in Sources */,
			);
			runOnlyForDeploymentPostprocessing = 0;
		};
/* End PBXSourcesBuildPhase section */

/* Begin XCBuildConfiguration section */
		1DEB921F08733DC00010E9CD /* Debug */ = {
			isa = XCBuildConfiguration;
			buildSettings = {
				ALWAYS_SEARCH_USER_PATHS = NO;
				ARCHS = "$(ARCHS_STANDARD_32_BIT)";
				COPY_PHASE_STRIP = NO;
				DSTROOT = /tmp/MonkSVG_iOS.dst;
				FRAMEWORK_SEARCH_PATHS = (
					"$(inherited)",
					"\"$(SRCROOT)/../../../MonkVG/Frameworks\"",
				);
				GCC_DYNAMIC_NO_PIC = NO;
				GCC_MODEL_TUNING = G5;
				GCC_OPTIMIZATION_LEVEL = 0;
				GCC_PRECOMPILE_PREFIX_HEADER = NO;
				GCC_PREFIX_HEADER = "";
				GCC_PREPROCESSOR_DEFINITIONS = TIXML_USE_STL;
				GCC_VERSION = com.apple.compilers.llvm.clang.1_0;
				HEADER_SEARCH_PATHS = (
					"$(inherited)",
					"\"$(TARGET_BUILD_DIR)/include\"",
					"\"$(OBJROOT)/UninstalledProducts/include\"",
				);
				INSTALL_PATH = "";
				PRODUCT_NAME = MonkSVG_iOS;
				PUBLIC_HEADERS_FOLDER_PATH = include/MonkSVG;
				SDKROOT = iphoneos;
			};
			name = Debug;
		};
		1DEB922008733DC00010E9CD /* Release */ = {
			isa = XCBuildConfiguration;
			buildSettings = {
				ALWAYS_SEARCH_USER_PATHS = NO;
				ARCHS = "$(ARCHS_STANDARD_32_BIT)";
				DSTROOT = /tmp/MonkSVG_iOS.dst;
				FRAMEWORK_SEARCH_PATHS = (
					"$(inherited)",
					"\"$(SRCROOT)/../../../MonkVG/Frameworks\"",
				);
				GCC_MODEL_TUNING = G5;
				GCC_PRECOMPILE_PREFIX_HEADER = NO;
				GCC_PREFIX_HEADER = "";
				GCC_PREPROCESSOR_DEFINITIONS = TIXML_USE_STL;
				GCC_VERSION = com.apple.compilers.llvm.clang.1_0;
				HEADER_SEARCH_PATHS = (
					"$(inherited)",
					"\"$(TARGET_BUILD_DIR)/include\"",
					"\"$(OBJROOT)/UninstalledProducts/include\"",
				);
				INSTALL_PATH = "";
				PRODUCT_NAME = MonkSVG_iOS;
				PUBLIC_HEADERS_FOLDER_PATH = include/MonkSVG;
				SDKROOT = iphoneos;
			};
			name = Release;
		};
		1DEB922308733DC00010E9CD /* Debug */ = {
			isa = XCBuildConfiguration;
			buildSettings = {
				ARCHS = "$(ARCHS_STANDARD_32_BIT)";
				GCC_C_LANGUAGE_STANDARD = c99;
				GCC_OPTIMIZATION_LEVEL = 0;
				GCC_SYMBOLS_PRIVATE_EXTERN = YES;
				GCC_WARN_ABOUT_RETURN_TYPE = YES;
				GCC_WARN_MISSING_PARENTHESES = NO;
				GCC_WARN_UNUSED_VARIABLE = YES;
				OTHER_LDFLAGS = "-ObjC";
				SDKROOT = iphoneos;
			};
			name = Debug;
		};
		1DEB922408733DC00010E9CD /* Release */ = {
			isa = XCBuildConfiguration;
			buildSettings = {
				ARCHS = "$(ARCHS_STANDARD_32_BIT)";
				GCC_C_LANGUAGE_STANDARD = c99;
				GCC_SYMBOLS_PRIVATE_EXTERN = YES;
				GCC_WARN_ABOUT_RETURN_TYPE = YES;
				GCC_WARN_MISSING_PARENTHESES = NO;
				GCC_WARN_UNUSED_VARIABLE = YES;
				OTHER_LDFLAGS = "-ObjC";
				SDKROOT = iphoneos;
			};
			name = Release;
		};
/* End XCBuildConfiguration section */

/* Begin XCConfigurationList section */
		1DEB921E08733DC00010E9CD /* Build configuration list for PBXNativeTarget "MonkSVG-iOS" */ = {
			isa = XCConfigurationList;
			buildConfigurations = (
				1DEB921F08733DC00010E9CD /* Debug */,
				1DEB922008733DC00010E9CD /* Release */,
			);
			defaultConfigurationIsVisible = 0;
			defaultConfigurationName = Release;
		};
		1DEB922208733DC00010E9CD /* Build configuration list for PBXProject "MonkSVG-iOS" */ = {
			isa = XCConfigurationList;
			buildConfigurations = (
				1DEB922308733DC00010E9CD /* Debug */,
				1DEB922408733DC00010E9CD /* Release */,
			);
			defaultConfigurationIsVisible = 0;
			defaultConfigurationName = Release;
		};
/* End XCConfigurationList section */
	};
	rootObject = 0867D690FE84028FC02AAC07 /* Project object */;
}
