// !$*UTF8*$!
{
	archiveVersion = 1;
	classes = {
	};
	objectVersion = 46;
	objects = {

/* Begin PBXBuildFile section */
		3E80D90E15FA6F040032D10D /* libMonkVG-OSX.a in Frameworks */ = {isa = PBXBuildFile; fileRef = 3E80D90D15FA6F040032D10D /* libMonkVG-OSX.a */; };
		3E80D92F15FA72750032D10D /* boost.framework in Frameworks */ = {isa = PBXBuildFile; fileRef = 3E80D92E15FA72750032D10D /* boost.framework */; };
		3E80D9EB15FE6EE90032D10D /* boost.framework in Frameworks */ = {isa = PBXBuildFile; fileRef = 3E80D92E15FA72750032D10D /* boost.framework */; };
		FA3B110713490F1F0018CE5D /* mkTransform2d.h in Headers */ = {isa = PBXBuildFile; fileRef = FA3B110613490F1F0018CE5D /* mkTransform2d.h */; settings = {ATTRIBUTES = (Public, ); }; };
		FA3B110813490F1F0018CE5D /* mkTransform2d.h in Headers */ = {isa = PBXBuildFile; fileRef = FA3B110613490F1F0018CE5D /* mkTransform2d.h */; settings = {ATTRIBUTES = (Public, ); }; };
		FA78D88C12C97AB1007AD99F /* tinystr.cpp in Sources */ = {isa = PBXBuildFile; fileRef = FA78D88412C97AB1007AD99F /* tinystr.cpp */; };
		FA78D88D12C97AB1007AD99F /* tinystr.h in Headers */ = {isa = PBXBuildFile; fileRef = FA78D88512C97AB1007AD99F /* tinystr.h */; };
		FA78D88E12C97AB1007AD99F /* tinyxml.cpp in Sources */ = {isa = PBXBuildFile; fileRef = FA78D88612C97AB1007AD99F /* tinyxml.cpp */; };
		FA78D88F12C97AB1007AD99F /* tinyxml.h in Headers */ = {isa = PBXBuildFile; fileRef = FA78D88712C97AB1007AD99F /* tinyxml.h */; };
		FA78D89012C97AB1007AD99F /* tinyxmlerror.cpp in Sources */ = {isa = PBXBuildFile; fileRef = FA78D88812C97AB1007AD99F /* tinyxmlerror.cpp */; };
		FA78D89112C97AB1007AD99F /* tinyxmlparser.cpp in Sources */ = {isa = PBXBuildFile; fileRef = FA78D88912C97AB1007AD99F /* tinyxmlparser.cpp */; };
		FA78D89212C97AB1007AD99F /* mkSVG.h in Headers */ = {isa = PBXBuildFile; fileRef = FA78D88A12C97AB1007AD99F /* mkSVG.h */; settings = {ATTRIBUTES = (Public, ); }; };
		FA78D89312C97AB1007AD99F /* mkSVG.cpp in Sources */ = {isa = PBXBuildFile; fileRef = FA78D88B12C97AB1007AD99F /* mkSVG.cpp */; };
		FA78D8A712C97EB7007AD99F /* mkSVG.h in Headers */ = {isa = PBXBuildFile; fileRef = FA78D88A12C97AB1007AD99F /* mkSVG.h */; settings = {ATTRIBUTES = (Public, ); }; };
		FA78D8A812C97EB7007AD99F /* mkSVG.cpp in Sources */ = {isa = PBXBuildFile; fileRef = FA78D88B12C97AB1007AD99F /* mkSVG.cpp */; };
		FA78D8A912C97EC7007AD99F /* tinystr.cpp in Sources */ = {isa = PBXBuildFile; fileRef = FA78D88412C97AB1007AD99F /* tinystr.cpp */; };
		FA78D8AA12C97EC7007AD99F /* tinystr.h in Headers */ = {isa = PBXBuildFile; fileRef = FA78D88512C97AB1007AD99F /* tinystr.h */; settings = {ATTRIBUTES = (Public, ); }; };
		FA78D8AB12C97EC7007AD99F /* tinyxml.cpp in Sources */ = {isa = PBXBuildFile; fileRef = FA78D88612C97AB1007AD99F /* tinyxml.cpp */; };
		FA78D8AC12C97EC7007AD99F /* tinyxml.h in Headers */ = {isa = PBXBuildFile; fileRef = FA78D88712C97AB1007AD99F /* tinyxml.h */; settings = {ATTRIBUTES = (Public, ); }; };
		FA78D8AD12C97EC7007AD99F /* tinyxmlerror.cpp in Sources */ = {isa = PBXBuildFile; fileRef = FA78D88812C97AB1007AD99F /* tinyxmlerror.cpp */; };
		FA78D8AE12C97EC7007AD99F /* tinyxmlparser.cpp in Sources */ = {isa = PBXBuildFile; fileRef = FA78D88912C97AB1007AD99F /* tinyxmlparser.cpp */; };
		FA78D8AF12C97ED3007AD99F /* mkOpenVG_SVG.cpp in Sources */ = {isa = PBXBuildFile; fileRef = FA78D8A312C97E61007AD99F /* mkOpenVG_SVG.cpp */; };
		FA78D8B012C97ED3007AD99F /* mkOpenVG_SVG.h in Headers */ = {isa = PBXBuildFile; fileRef = FA78D8A412C97E61007AD99F /* mkOpenVG_SVG.h */; settings = {ATTRIBUTES = (Public, ); }; };
/* End PBXBuildFile section */

/* Begin PBXFileReference section */
		3E80D90D15FA6F040032D10D /* libMonkVG-OSX.a */ = {isa = PBXFileReference; lastKnownFileType = archive.ar; path = "libMonkVG-OSX.a"; sourceTree = BUILT_PRODUCTS_DIR; };
		3E80D92E15FA72750032D10D /* boost.framework */ = {isa = PBXFileReference; lastKnownFileType = wrapper.framework; name = boost.framework; path = ../../../MonkVG/Frameworks/boost.framework; sourceTree = "<group>"; };
		D2AAC046055464E500DB518D /* libMonkSVG-OSX.a */ = {isa = PBXFileReference; explicitFileType = archive.ar; includeInIndex = 0; path = "libMonkSVG-OSX.a"; sourceTree = BUILT_PRODUCTS_DIR; };
		FA3B110613490F1F0018CE5D /* mkTransform2d.h */ = {isa = PBXFileReference; fileEncoding = 4; lastKnownFileType = sourcecode.c.h; name = mkTransform2d.h; path = ../../src/mkTransform2d.h; sourceTree = "<group>"; };
		FA78D88412C97AB1007AD99F /* tinystr.cpp */ = {isa = PBXFileReference; fileEncoding = 4; lastKnownFileType = sourcecode.cpp.cpp; path = tinystr.cpp; sourceTree = "<group>"; };
		FA78D88512C97AB1007AD99F /* tinystr.h */ = {isa = PBXFileReference; fileEncoding = 4; lastKnownFileType = sourcecode.c.h; path = tinystr.h; sourceTree = "<group>"; };
		FA78D88612C97AB1007AD99F /* tinyxml.cpp */ = {isa = PBXFileReference; fileEncoding = 4; lastKnownFileType = sourcecode.cpp.cpp; path = tinyxml.cpp; sourceTree = "<group>"; };
		FA78D88712C97AB1007AD99F /* tinyxml.h */ = {isa = PBXFileReference; fileEncoding = 4; lastKnownFileType = sourcecode.c.h; path = tinyxml.h; sourceTree = "<group>"; };
		FA78D88812C97AB1007AD99F /* tinyxmlerror.cpp */ = {isa = PBXFileReference; fileEncoding = 4; lastKnownFileType = sourcecode.cpp.cpp; path = tinyxmlerror.cpp; sourceTree = "<group>"; };
		FA78D88912C97AB1007AD99F /* tinyxmlparser.cpp */ = {isa = PBXFileReference; fileEncoding = 4; lastKnownFileType = sourcecode.cpp.cpp; path = tinyxmlparser.cpp; sourceTree = "<group>"; };
		FA78D88A12C97AB1007AD99F /* mkSVG.h */ = {isa = PBXFileReference; fileEncoding = 4; lastKnownFileType = sourcecode.c.h; name = mkSVG.h; path = ../../src/mkSVG.h; sourceTree = SOURCE_ROOT; };
		FA78D88B12C97AB1007AD99F /* mkSVG.cpp */ = {isa = PBXFileReference; fileEncoding = 4; lastKnownFileType = sourcecode.cpp.cpp; name = mkSVG.cpp; path = ../../src/mkSVG.cpp; sourceTree = SOURCE_ROOT; };
		FA78D89E12C97E3F007AD99F /* libMonkSVG-OpenVG-OSX.a */ = {isa = PBXFileReference; explicitFileType = archive.ar; includeInIndex = 0; path = "libMonkSVG-OpenVG-OSX.a"; sourceTree = BUILT_PRODUCTS_DIR; };
		FA78D8A312C97E61007AD99F /* mkOpenVG_SVG.cpp */ = {isa = PBXFileReference; fileEncoding = 4; lastKnownFileType = sourcecode.cpp.cpp; name = mkOpenVG_SVG.cpp; path = ../../src/openvg/mkOpenVG_SVG.cpp; sourceTree = SOURCE_ROOT; };
		FA78D8A412C97E61007AD99F /* mkOpenVG_SVG.h */ = {isa = PBXFileReference; fileEncoding = 4; lastKnownFileType = sourcecode.c.h; name = mkOpenVG_SVG.h; path = ../../src/openvg/mkOpenVG_SVG.h; sourceTree = SOURCE_ROOT; };
/* End PBXFileReference section */

/* Begin PBXFrameworksBuildPhase section */
		D289987405E68DCB004EDB86 /* Frameworks */ = {
			isa = PBXFrameworksBuildPhase;
			buildActionMask = 2147483647;
			files = (
				3E80D92F15FA72750032D10D /* boost.framework in Frameworks */,
			);
			runOnlyForDeploymentPostprocessing = 0;
		};
		FA78D89C12C97E3F007AD99F /* Frameworks */ = {
			isa = PBXFrameworksBuildPhase;
			buildActionMask = 2147483647;
			files = (
				3E80D9EB15FE6EE90032D10D /* boost.framework in Frameworks */,
				3E80D90E15FA6F040032D10D /* libMonkVG-OSX.a in Frameworks */,
			);
			runOnlyForDeploymentPostprocessing = 0;
		};
/* End PBXFrameworksBuildPhase section */

/* Begin PBXGroup section */
		08FB7794FE84155DC02AAC07 /* MonkSVG-OSX */ = {
			isa = PBXGroup;
			children = (
				C6A0FF2B0290797F04C91782 /* Documentation */,
				3E80D90F15FA6F0D0032D10D /* Frameworks */,
				1AB674ADFE9D54B511CA2CBB /* Products */,
				08FB7795FE84155DC02AAC07 /* Source */,
			);
			name = "MonkSVG-OSX";
			sourceTree = "<group>";
		};
		08FB7795FE84155DC02AAC07 /* Source */ = {
			isa = PBXGroup;
			children = (
				FA78D8A112C97E49007AD99F /* OpenVG */,
				FA78D88312C97AB1007AD99F /* tinyxml */,
				FA78D88A12C97AB1007AD99F /* mkSVG.h */,
				FA78D88B12C97AB1007AD99F /* mkSVG.cpp */,
				FA3B110613490F1F0018CE5D /* mkTransform2d.h */,
			);
			name = Source;
			sourceTree = "<group>";
		};
		1AB674ADFE9D54B511CA2CBB /* Products */ = {
			isa = PBXGroup;
			children = (
				D2AAC046055464E500DB518D /* libMonkSVG-OSX.a */,
				FA78D89E12C97E3F007AD99F /* libMonkSVG-OpenVG-OSX.a */,
			);
			name = Products;
			sourceTree = "<group>";
		};
		3E80D90F15FA6F0D0032D10D /* Frameworks */ = {
			isa = PBXGroup;
			children = (
				3E80D92E15FA72750032D10D /* boost.framework */,
				3E80D90D15FA6F040032D10D /* libMonkVG-OSX.a */,
			);
			name = Frameworks;
			sourceTree = "<group>";
		};
		C6A0FF2B0290797F04C91782 /* Documentation */ = {
			isa = PBXGroup;
			children = (
			);
			name = Documentation;
			sourceTree = "<group>";
		};
		FA78D88312C97AB1007AD99F /* tinyxml */ = {
			isa = PBXGroup;
			children = (
				FA78D88412C97AB1007AD99F /* tinystr.cpp */,
				FA78D88512C97AB1007AD99F /* tinystr.h */,
				FA78D88612C97AB1007AD99F /* tinyxml.cpp */,
				FA78D88712C97AB1007AD99F /* tinyxml.h */,
				FA78D88812C97AB1007AD99F /* tinyxmlerror.cpp */,
				FA78D88912C97AB1007AD99F /* tinyxmlparser.cpp */,
			);
			name = tinyxml;
			path = ../../src/tinyxml;
			sourceTree = SOURCE_ROOT;
		};
		FA78D8A112C97E49007AD99F /* OpenVG */ = {
			isa = PBXGroup;
			children = (
				FA78D8A312C97E61007AD99F /* mkOpenVG_SVG.cpp */,
				FA78D8A412C97E61007AD99F /* mkOpenVG_SVG.h */,
			);
			name = OpenVG;
			sourceTree = "<group>";
		};
/* End PBXGroup section */

/* Begin PBXHeadersBuildPhase section */
		D2AAC043055464E500DB518D /* Headers */ = {
			isa = PBXHeadersBuildPhase;
			buildActionMask = 2147483647;
			files = (
				FA78D89212C97AB1007AD99F /* mkSVG.h in Headers */,
				FA3B110713490F1F0018CE5D /* mkTransform2d.h in Headers */,
				FA78D88D12C97AB1007AD99F /* tinystr.h in Headers */,
				FA78D88F12C97AB1007AD99F /* tinyxml.h in Headers */,
			);
			runOnlyForDeploymentPostprocessing = 0;
		};
		FA78D89A12C97E3F007AD99F /* Headers */ = {
			isa = PBXHeadersBuildPhase;
			buildActionMask = 2147483647;
			files = (
				FA78D8B012C97ED3007AD99F /* mkOpenVG_SVG.h in Headers */,
				FA78D8AA12C97EC7007AD99F /* tinystr.h in Headers */,
				FA78D8AC12C97EC7007AD99F /* tinyxml.h in Headers */,
				FA78D8A712C97EB7007AD99F /* mkSVG.h in Headers */,
				FA3B110813490F1F0018CE5D /* mkTransform2d.h in Headers */,
			);
			runOnlyForDeploymentPostprocessing = 0;
		};
/* End PBXHeadersBuildPhase section */

/* Begin PBXNativeTarget section */
		D2AAC045055464E500DB518D /* MonkSVG-OSX */ = {
			isa = PBXNativeTarget;
			buildConfigurationList = 1DEB91EB08733DB70010E9CD /* Build configuration list for PBXNativeTarget "MonkSVG-OSX" */;
			buildPhases = (
				D2AAC043055464E500DB518D /* Headers */,
				D2AAC044055464E500DB518D /* Sources */,
				D289987405E68DCB004EDB86 /* Frameworks */,
			);
			buildRules = (
			);
			dependencies = (
			);
			name = "MonkSVG-OSX";
			productName = "MonkSVG-OSX";
			productReference = D2AAC046055464E500DB518D /* libMonkSVG-OSX.a */;
			productType = "com.apple.product-type.library.static";
		};
		FA78D89D12C97E3F007AD99F /* MonkSVG-OpenVG-OSX */ = {
			isa = PBXNativeTarget;
			buildConfigurationList = FA78D8A212C97E49007AD99F /* Build configuration list for PBXNativeTarget "MonkSVG-OpenVG-OSX" */;
			buildPhases = (
				FA78D89A12C97E3F007AD99F /* Headers */,
				FA78D89B12C97E3F007AD99F /* Sources */,
				FA78D89C12C97E3F007AD99F /* Frameworks */,
			);
			buildRules = (
			);
			dependencies = (
			);
			name = "MonkSVG-OpenVG-OSX";
			productName = "MonkSVG-OpenVG-OSX";
			productReference = FA78D89E12C97E3F007AD99F /* libMonkSVG-OpenVG-OSX.a */;
			productType = "com.apple.product-type.library.static";
		};
/* End PBXNativeTarget section */

/* Begin PBXProject section */
		08FB7793FE84155DC02AAC07 /* Project object */ = {
			isa = PBXProject;
			attributes = {
				LastUpgradeCheck = 0450;
			};
			buildConfigurationList = 1DEB91EF08733DB70010E9CD /* Build configuration list for PBXProject "MonkSVG-OSX" */;
			compatibilityVersion = "Xcode 3.2";
			developmentRegion = English;
			hasScannedForEncodings = 1;
			knownRegions = (
				English,
				Japanese,
				French,
				German,
			);
			mainGroup = 08FB7794FE84155DC02AAC07 /* MonkSVG-OSX */;
			projectDirPath = "";
			projectRoot = "";
			targets = (
				D2AAC045055464E500DB518D /* MonkSVG-OSX */,
				FA78D89D12C97E3F007AD99F /* MonkSVG-OpenVG-OSX */,
			);
		};
/* End PBXProject section */

/* Begin PBXSourcesBuildPhase section */
		D2AAC044055464E500DB518D /* Sources */ = {
			isa = PBXSourcesBuildPhase;
			buildActionMask = 2147483647;
			files = (
				FA78D88C12C97AB1007AD99F /* tinystr.cpp in Sources */,
				FA78D88E12C97AB1007AD99F /* tinyxml.cpp in Sources */,
				FA78D89012C97AB1007AD99F /* tinyxmlerror.cpp in Sources */,
				FA78D89112C97AB1007AD99F /* tinyxmlparser.cpp in Sources */,
				FA78D89312C97AB1007AD99F /* mkSVG.cpp in Sources */,
			);
			runOnlyForDeploymentPostprocessing = 0;
		};
		FA78D89B12C97E3F007AD99F /* Sources */ = {
			isa = PBXSourcesBuildPhase;
			buildActionMask = 2147483647;
			files = (
				FA78D8A912C97EC7007AD99F /* tinystr.cpp in Sources */,
				FA78D8AF12C97ED3007AD99F /* mkOpenVG_SVG.cpp in Sources */,
				FA78D8AB12C97EC7007AD99F /* tinyxml.cpp in Sources */,
				FA78D8AD12C97EC7007AD99F /* tinyxmlerror.cpp in Sources */,
				FA78D8AE12C97EC7007AD99F /* tinyxmlparser.cpp in Sources */,
				FA78D8A812C97EB7007AD99F /* mkSVG.cpp in Sources */,
			);
			runOnlyForDeploymentPostprocessing = 0;
		};
/* End PBXSourcesBuildPhase section */

/* Begin XCBuildConfiguration section */
		1DEB91EC08733DB70010E9CD /* Debug */ = {
			isa = XCBuildConfiguration;
			buildSettings = {
				ALWAYS_SEARCH_USER_PATHS = YES;
				COMBINE_HIDPI_IMAGES = YES;
				COPY_PHASE_STRIP = NO;
				FRAMEWORK_SEARCH_PATHS = (
					"$(inherited)",
					"\"$(SRCROOT)/../../../MonkVG/Frameworks\"",
				);
				GCC_DYNAMIC_NO_PIC = NO;
				GCC_MODEL_TUNING = G5;
				GCC_OPTIMIZATION_LEVEL = 0;
				GCC_PREPROCESSOR_DEFINITIONS = "TIXML_USE_STL=1";
				INSTALL_PATH = /usr/local/lib;
				PRODUCT_NAME = "MonkSVG-OSX";
			};
			name = Debug;
		};
		1DEB91ED08733DB70010E9CD /* Release */ = {
			isa = XCBuildConfiguration;
			buildSettings = {
				ALWAYS_SEARCH_USER_PATHS = YES;
				COMBINE_HIDPI_IMAGES = YES;
				DEBUG_INFORMATION_FORMAT = "dwarf-with-dsym";
				FRAMEWORK_SEARCH_PATHS = (
					"$(inherited)",
					"\"$(SRCROOT)/../../../MonkVG/Frameworks\"",
				);
				GCC_MODEL_TUNING = G5;
				GCC_PREPROCESSOR_DEFINITIONS = "TIXML_USE_STL=1";
				INSTALL_PATH = /usr/local/lib;
				PRODUCT_NAME = "MonkSVG-OSX";
			};
			name = Release;
		};
		1DEB91F008733DB70010E9CD /* Debug */ = {
			isa = XCBuildConfiguration;
			buildSettings = {
				ARCHS = "$(ARCHS_STANDARD_32_BIT)";
				FRAMEWORK_SEARCH_PATHS = (
					"$(inherited)",
					"\"$(SRCROOT)/../../../MonkVG/Frameworks\"",
				);
				GCC_C_LANGUAGE_STANDARD = gnu99;
				GCC_OPTIMIZATION_LEVEL = 0;
				GCC_SYMBOLS_PRIVATE_EXTERN = YES;
				GCC_WARN_ABOUT_RETURN_TYPE = YES;
				GCC_WARN_MISSING_PARENTHESES = NO;
				GCC_WARN_UNUSED_VARIABLE = YES;
				HEADER_SEARCH_PATHS = (
					"$(inherited)",
					"\"$(TARGET_BUILD_DIR)/include\"",
					"\"$(OBJROOT)/UninstalledProducts/include\"",
					"\"$(DSTROOT)/usr/local/lib/include\"",
				);
				ONLY_ACTIVE_ARCH = YES;
				PUBLIC_HEADERS_FOLDER_PATH = include/MonkSVG;
				SDKROOT = macosx;
			};
			name = Debug;
		};
		1DEB91F108733DB70010E9CD /* Release */ = {
			isa = XCBuildConfiguration;
			buildSettings = {
				ARCHS = "$(ARCHS_STANDARD_32_BIT)";
				FRAMEWORK_SEARCH_PATHS = (
					"$(inherited)",
					"\"$(SRCROOT)/../../../MonkVG/Frameworks\"",
				);
				GCC_C_LANGUAGE_STANDARD = gnu99;
				GCC_SYMBOLS_PRIVATE_EXTERN = YES;
				GCC_WARN_ABOUT_RETURN_TYPE = YES;
				GCC_WARN_MISSING_PARENTHESES = NO;
				GCC_WARN_UNUSED_VARIABLE = YES;
				HEADER_SEARCH_PATHS = (
					"$(inherited)",
					"\"$(TARGET_BUILD_DIR)/include\"",
					"\"$(OBJROOT)/UninstalledProducts/include\"",
					"\"$(DSTROOT)/usr/local/lib/include\"",
				);
				PUBLIC_HEADERS_FOLDER_PATH = include/MonkSVG;
				SDKROOT = macosx;
			};
			name = Release;
		};
		FA78D89F12C97E3F007AD99F /* Debug */ = {
			isa = XCBuildConfiguration;
			buildSettings = {
				ALWAYS_SEARCH_USER_PATHS = NO;
				COMBINE_HIDPI_IMAGES = YES;
				COPY_PHASE_STRIP = NO;
				FRAMEWORK_SEARCH_PATHS = (
					"$(inherited)",
					"\"$(SRCROOT)/../../../MonkVG/Frameworks\"",
				);
				GCC_DYNAMIC_NO_PIC = NO;
				GCC_MODEL_TUNING = G5;
				GCC_OPTIMIZATION_LEVEL = 0;
				GCC_PREPROCESSOR_DEFINITIONS = TIXML_USE_STL;
				HEADER_SEARCH_PATHS = ../../../MonkVG/include;
				INSTALL_PATH = /usr/local/lib;
				LIBRARY_SEARCH_PATHS = (
					"$(inherited)",
					"\"$(SRCROOT)/../../../../../../Library/Developer/Xcode/DerivedData/CCVector-ehobhonzwzcdvufrnqmxqihwwzdr/Build/Products/Debug\"",
				);
				PRODUCT_NAME = "MonkSVG-OpenVG-OSX";
			};
			name = Debug;
		};
		FA78D8A012C97E3F007AD99F /* Release */ = {
			isa = XCBuildConfiguration;
			buildSettings = {
				ALWAYS_SEARCH_USER_PATHS = NO;
				COMBINE_HIDPI_IMAGES = YES;
				COPY_PHASE_STRIP = YES;
				DEBUG_INFORMATION_FORMAT = "dwarf-with-dsym";
				FRAMEWORK_SEARCH_PATHS = (
					"$(inherited)",
					"\"$(SRCROOT)/../../../MonkVG/Frameworks\"",
				);
				GCC_MODEL_TUNING = G5;
				GCC_PREPROCESSOR_DEFINITIONS = TIXML_USE_STL;
				HEADER_SEARCH_PATHS = ../../../MonkVG/include;
				INSTALL_PATH = /usr/local/lib;
				LIBRARY_SEARCH_PATHS = (
					"$(inherited)",
					"\"$(SRCROOT)/../../../../../../Library/Developer/Xcode/DerivedData/CCVector-ehobhonzwzcdvufrnqmxqihwwzdr/Build/Products/Debug\"",
				);
				PRODUCT_NAME = "MonkSVG-OpenVG-OSX";
				ZERO_LINK = NO;
			};
			name = Release;
		};
/* End XCBuildConfiguration section */

/* Begin XCConfigurationList section */
		1DEB91EB08733DB70010E9CD /* Build configuration list for PBXNativeTarget "MonkSVG-OSX" */ = {
			isa = XCConfigurationList;
			buildConfigurations = (
				1DEB91EC08733DB70010E9CD /* Debug */,
				1DEB91ED08733DB70010E9CD /* Release */,
			);
			defaultConfigurationIsVisible = 0;
			defaultConfigurationName = Release;
		};
		1DEB91EF08733DB70010E9CD /* Build configuration list for PBXProject "MonkSVG-OSX" */ = {
			isa = XCConfigurationList;
			buildConfigurations = (
				1DEB91F008733DB70010E9CD /* Debug */,
				1DEB91F108733DB70010E9CD /* Release */,
			);
			defaultConfigurationIsVisible = 0;
			defaultConfigurationName = Release;
		};
		FA78D8A212C97E49007AD99F /* Build configuration list for PBXNativeTarget "MonkSVG-OpenVG-OSX" */ = {
			isa = XCConfigurationList;
			buildConfigurations = (
				FA78D89F12C97E3F007AD99F /* Debug */,
				FA78D8A012C97E3F007AD99F /* Release */,
			);
			defaultConfigurationIsVisible = 0;
			defaultConfigurationName = Release;
		};
/* End XCConfigurationList section */
	};
	rootObject = 08FB7793FE84155DC02AAC07 /* Project object */;
}
